<?xml version="1.0" encoding="utf-8"?>
<Project ToolsVersion="4.0" xmlns="http://schemas.microsoft.com/developer/msbuild/2003">
  <ItemGroup>
    <Filter Include="Source Files">
      <UniqueIdentifier>{4FC737F1-C7A5-4376-A066-2A32D752A2FF}</UniqueIdentifier>
      <Extensions>cpp;c;cc;cxx;c++;cppm;ixx;def;odl;idl;hpj;bat;asm;asmx</Extensions>
    </Filter>
    <Filter Include="Source Files\stuff">
      <UniqueIdentifier>{cbdfac60-f243-4db2-bfdd-49bebdce3bd6}</UniqueIdentifier>
    </Filter>
    <Filter Include="Source Files\klarna">
      <UniqueIdentifier>{d93fadc3-e0e4-45c8-89ab-0f2167d7ee44}</UniqueIdentifier>
    </Filter>
  </ItemGroup>
  <ItemGroup>
    <None Include="src\index.html">
      <Filter>Source Files</Filter>
    </None>
    <None Include="src\common\head.php">
      <Filter>Source Files</Filter>
    </None>
    <None Include="src\common\login.php">
      <Filter>Source Files</Filter>
    </None>
    <None Include="src\batt-1.1\index.php">
      <Filter>Source Files</Filter>
    </None>
    <None Include="src\common\index.php">
      <Filter>Source Files</Filter>
    </None>
    <None Include="src\common\connect.php">
      <Filter>Source Files</Filter>
    </None>
    <None Include="src\common\common.php">
      <Filter>Source Files</Filter>
    </None>
    <None Include="src\common\score.php">
      <Filter>Source Files</Filter>
    </None>
    <None Include="src\batt-1.1\score.php">
      <Filter>Source Files</Filter>
    </None>
    <None Include="src\common\personal.php">
      <Filter>Source Files</Filter>
    </None>
    <None Include="src\common\main-v01.css">
      <Filter>Source Files</Filter>
    </None>
    <None Include="src\common\pulselst.php">
      <Filter>Source Files</Filter>
    </None>
    <None Include="src\debug.php">
      <Filter>Source Files</Filter>
    </None>
    <None Include="src\common\cmdparse.php">
      <Filter>Source Files</Filter>
    </None>
    <None Include="src\common\process_cmd.php">
      <Filter>Source Files</Filter>
    </None>
    <None Include="src\common\one_post.php">
      <Filter>Source Files</Filter>
    </None>
    <None Include="src\common\progress.php">
      <Filter>Source Files</Filter>
    </None>
    <None Include="src\common\discdisplay.php">
      <Filter>Source Files</Filter>
    </None>
    <None Include="src\common\discquery.php">
      <Filter>Source Files</Filter>
    </None>
    <None Include="src\common\post_disc.php">
      <Filter>Source Files</Filter>
    </None>
    <None Include="src\common\gap.php">
      <Filter>Source Files</Filter>
    </None>
    <None Include="src\common\gap_post.php">
      <Filter>Source Files</Filter>
    </None>
    <None Include="src\common\spindel.php">
      <Filter>Source Files</Filter>
    </None>
    <None Include="src\common\main.js.php">
      <Filter>Source Files</Filter>
    </None>
    <None Include="src\common\tq.php">
      <Filter>Source Files</Filter>
    </None>
    <None Include="src\common\tq_post.php">
      <Filter>Source Files</Filter>
    </None>
    <None Include="src\common\cockpit.php">
      <Filter>Source Files</Filter>
    </None>
    <None Include="src\common\forward.php">
      <Filter>Source Files</Filter>
    </None>
    <None Include="src\common\roundup.php">
      <Filter>Source Files</Filter>
    </None>
    <None Include="src\common\create_report_p1.php">
      <Filter>Source Files</Filter>
    </None>
    <None Include="src\common\display_report.php">
      <Filter>Source Files</Filter>
    </None>
    <None Include="src\survey\index.html">
      <Filter>Source Files\stuff</Filter>
    </None>
    <None Include="src\survey\survey.php">
      <Filter>Source Files\stuff</Filter>
    </None>
    <None Include="src\klarna\php\start.php">
      <Filter>Source Files\klarna</Filter>
    </None>
    <None Include="src\klarna\index.html">
      <Filter>Source Files\klarna</Filter>
    </None>
    <None Include="src\klarna\coach.html">
      <Filter>Source Files\klarna</Filter>
    </None>
    <None Include="src\klarna\debug.html">
      <Filter>Source Files\klarna</Filter>
    </None>
    <None Include="src\klarna\login.html">
      <Filter>Source Files\klarna</Filter>
    </None>
    <None Include="src\klarna\php\login.php">
      <Filter>Source Files\klarna</Filter>
    </None>
    <None Include="src\klarna\php\dologin.php">
      <Filter>Source Files\klarna</Filter>
    </None>
    <None Include="src\klarna\php\getparam.php">
      <Filter>Source Files\klarna</Filter>
    </None>
  </ItemGroup>
  <ItemGroup>
    <Text Include="db.txt">
      <Filter>Source Files</Filter>
    </Text>
    <Text Include="src\batt-1.1\styr.txt">
      <Filter>Source Files</Filter>
    </Text>
    <Text Include="src\klarna\klarna.txt">
      <Filter>Source Files\klarna</Filter>
    </Text>
  </ItemGroup>
</Project>