<?xml version="1.0" encoding="utf-8"?>
<Project ToolsVersion="4.0" xmlns="http://schemas.microsoft.com/developer/msbuild/2003">
  <ItemGroup>
    <Filter Include="Source Files">
      <UniqueIdentifier>{4FC737F1-C7A5-4376-A066-2A32D752A2FF}</UniqueIdentifier>
      <Extensions>cpp;c;cc;cxx;c++;cppm;ixx;def;odl;idl;hpj;bat;asm;asmx</Extensions>
    </Filter>
    <Filter Include="Source Files\batt-1.1">
      <UniqueIdentifier>{550cd09f-4c93-4125-8cf4-57456f779aa5}</UniqueIdentifier>
    </Filter>
    <Filter Include="Source Files\php">
      <UniqueIdentifier>{fb970dcb-38ad-413a-95ba-aed50fabfebf}</UniqueIdentifier>
    </Filter>
  </ItemGroup>
  <ItemGroup>
    <None Include="src\index.html">
      <Filter>Source Files</Filter>
    </None>
    <None Include="src\batt-1.1\index.php">
      <Filter>Source Files\batt-1.1</Filter>
    </None>
    <None Include="src\batt-1.1\score.php">
      <Filter>Source Files\batt-1.1</Filter>
    </None>
    <None Include="src\login.php">
      <Filter>Source Files</Filter>
    </None>
    <None Include="src\next.php">
      <Filter>Source Files</Filter>
    </None>
    <None Include="src\php\common.php">
      <Filter>Source Files\php</Filter>
    </None>
    <None Include="src\php\tagOut.php">
      <Filter>Source Files\php</Filter>
    </None>
    <None Include="src\batt-1.1\dummy.php">
      <Filter>Source Files\batt-1.1</Filter>
    </None>
    <None Include="src\main-v001.css">
      <Filter>Source Files</Filter>
    </None>
    <None Include="src\batt-1.1\local-v001.css">
      <Filter>Source Files\batt-1.1</Filter>
    </None>
    <None Include="src\nypers.php">
      <Filter>Source Files</Filter>
    </None>
    <None Include="src\regpers.php">
      <Filter>Source Files</Filter>
    </None>
    <None Include="src\php\connect.php">
      <Filter>Source Files\php</Filter>
    </None>
    <None Include="src\php\getparam.php">
      <Filter>Source Files\php</Filter>
    </None>
    <None Include="src\php\convert.php">
      <Filter>Source Files\php</Filter>
    </None>
    <None Include="src\php\head.php">
      <Filter>Source Files\php</Filter>
    </None>
  </ItemGroup>
  <ItemGroup>
    <Text Include="src\batt-1.1\styr.txt">
      <Filter>Source Files\batt-1.1</Filter>
    </Text>
    <Text Include="db.txt">
      <Filter>Source Files</Filter>
    </Text>
  </ItemGroup>
</Project>