<?xml version="1.0" encoding="utf-8"?>
<Project ToolsVersion="4.0" xmlns="http://schemas.microsoft.com/developer/msbuild/2003">
  <ItemGroup>
    <Filter Include="Source Files">
      <UniqueIdentifier>{4FC737F1-C7A5-4376-A066-2A32D752A2FF}</UniqueIdentifier>
      <Extensions>cpp;c;cc;cxx;c++;cppm;ixx;def;odl;idl;hpj;bat;asm;asmx</Extensions>
    </Filter>
    <Filter Include="Source Files\stuff">
      <UniqueIdentifier>{cbdfac60-f243-4db2-bfdd-49bebdce3bd6}</UniqueIdentifier>
    </Filter>
    <Filter Include="Source Files\klarna">
      <UniqueIdentifier>{d93fadc3-e0e4-45c8-89ab-0f2167d7ee44}</UniqueIdentifier>
    </Filter>
    <Filter Include="Source Files\coach">
      <UniqueIdentifier>{bdd207d4-1449-4bb2-9d8d-a5f539eef685}</UniqueIdentifier>
    </Filter>
    <Filter Include="Source Files\survey">
      <UniqueIdentifier>{533afed1-5844-4f85-b9a5-49f211ed416d}</UniqueIdentifier>
    </Filter>
    <Filter Include="Source Files\common">
      <UniqueIdentifier>{852a8662-1511-4713-a943-566e3d20a754}</UniqueIdentifier>
    </Filter>
  </ItemGroup>
  <ItemGroup>
    <Text Include="db.txt">
      <Filter>Source Files\stuff</Filter>
    </Text>
    <Text Include="TODO.txt">
      <Filter>Source Files\stuff</Filter>
    </Text>
    <Text Include="Kludd.txt">
      <Filter>Source Files\stuff</Filter>
    </Text>
    <Text Include="src\survey\styr.txt">
      <Filter>Source Files\survey</Filter>
    </Text>
    <Text Include="src\common\min.txt">
      <Filter>Source Files\common</Filter>
    </Text>
  </ItemGroup>
  <ItemGroup>
    <None Include="src\coach\list_prod.php">
      <Filter>Source Files\coach</Filter>
    </None>
    <None Include="src\coach\make_prod.php">
      <Filter>Source Files\coach</Filter>
    </None>
    <None Include="src\coach\make_prod_save.php">
      <Filter>Source Files\coach</Filter>
    </None>
    <None Include="src\coach\edit_prod.php">
      <Filter>Source Files\coach</Filter>
    </None>
    <None Include="src\coach\edit_prod_save.php">
      <Filter>Source Files\coach</Filter>
    </None>
    <None Include="src\coach\index.html">
      <Filter>Source Files\coach</Filter>
    </None>
    <None Include="src\common\convert.php">
      <Filter>Source Files\common</Filter>
    </None>
    <None Include="src\common\cp_settings.php">
      <Filter>Source Files\common</Filter>
    </None>
    <None Include="src\common\cps_post.php">
      <Filter>Source Files\common</Filter>
    </None>
    <None Include="src\common\create_group.php">
      <Filter>Source Files\common</Filter>
    </None>
    <None Include="src\common\create_note.php">
      <Filter>Source Files\common</Filter>
    </None>
    <None Include="src\common\create_report.php">
      <Filter>Source Files\common</Filter>
    </None>
    <None Include="src\common\create_report_p1.php">
      <Filter>Source Files\common</Filter>
    </None>
    <None Include="src\common\delete_user.php">
      <Filter>Source Files\common</Filter>
    </None>
    <None Include="src\common\discdisplay.php">
      <Filter>Source Files\common</Filter>
    </None>
    <None Include="src\common\discquery.php">
      <Filter>Source Files\common</Filter>
    </None>
    <None Include="src\common\display_report.php">
      <Filter>Source Files\common</Filter>
    </None>
    <None Include="src\common\dorate.php">
      <Filter>Source Files\common</Filter>
    </None>
    <None Include="src\common\evaluator.php">
      <Filter>Source Files\common</Filter>
    </None>
    <None Include="src\common\forward.php">
      <Filter>Source Files\common</Filter>
    </None>
    <None Include="src\common\gap.php">
      <Filter>Source Files\common</Filter>
    </None>
    <None Include="src\common\gap_post.php">
      <Filter>Source Files\common</Filter>
    </None>
    <None Include="src\common\getparam.php">
      <Filter>Source Files\common</Filter>
    </None>
    <None Include="src\common\head.php">
      <Filter>Source Files\common</Filter>
    </None>
    <None Include="src\common\index.php">
      <Filter>Source Files\common</Filter>
    </None>
    <None Include="src\common\login.php">
      <Filter>Source Files\common</Filter>
    </None>
    <None Include="src\common\login2.php">
      <Filter>Source Files\common</Filter>
    </None>
    <None Include="src\common\main.css.php">
      <Filter>Source Files\common</Filter>
    </None>
    <None Include="src\common\main.js.php">
      <Filter>Source Files\common</Filter>
    </None>
    <None Include="src\common\make_group.php">
      <Filter>Source Files\common</Filter>
    </None>
    <None Include="src\common\meter_disp.php">
      <Filter>Source Files\common</Filter>
    </None>
    <None Include="src\common\next.php">
      <Filter>Source Files\common</Filter>
    </None>
    <None Include="src\common\nypers.php">
      <Filter>Source Files\common</Filter>
    </None>
    <None Include="src\common\one_post.php">
      <Filter>Source Files\common</Filter>
    </None>
    <None Include="src\common\personal.php">
      <Filter>Source Files\common</Filter>
    </None>
    <None Include="src\common\post_disc.php">
      <Filter>Source Files\common</Filter>
    </None>
    <None Include="src\common\process_cmd.php">
      <Filter>Source Files\common</Filter>
    </None>
    <None Include="src\common\progress.php">
      <Filter>Source Files\common</Filter>
    </None>
    <None Include="src\common\pulselst.php">
      <Filter>Source Files\common</Filter>
    </None>
    <None Include="src\common\rateit.php">
      <Filter>Source Files\common</Filter>
    </None>
    <None Include="src\common\regpers.php">
      <Filter>Source Files\common</Filter>
    </None>
    <None Include="src\common\regpers2.php">
      <Filter>Source Files\common</Filter>
    </None>
    <None Include="src\common\roundup.php">
      <Filter>Source Files\common</Filter>
    </None>
    <None Include="src\common\roundup_debug.php">
      <Filter>Source Files\common</Filter>
    </None>
    <None Include="src\common\score.php">
      <Filter>Source Files\common</Filter>
    </None>
    <None Include="src\common\show_details.php">
      <Filter>Source Files\common</Filter>
    </None>
    <None Include="src\common\spdr_disp.php">
      <Filter>Source Files\common</Filter>
    </None>
    <None Include="src\common\spindel.php">
      <Filter>Source Files\common</Filter>
    </None>
    <None Include="src\common\stapel_disp.php">
      <Filter>Source Files\common</Filter>
    </None>
    <None Include="src\common\tagOut.php">
      <Filter>Source Files\common</Filter>
    </None>
    <None Include="src\common\token.php">
      <Filter>Source Files\common</Filter>
    </None>
    <None Include="src\common\tq.php">
      <Filter>Source Files\common</Filter>
    </None>
    <None Include="src\common\tq_post.php">
      <Filter>Source Files\common</Filter>
    </None>
    <None Include="src\common\utbsel.php">
      <Filter>Source Files\common</Filter>
    </None>
    <None Include="src\common\actually_delete.php">
      <Filter>Source Files\common</Filter>
    </None>
    <None Include="src\common\cleanup_db.php">
      <Filter>Source Files\common</Filter>
    </None>
    <None Include="src\common\cmdparse.php">
      <Filter>Source Files\common</Filter>
    </None>
    <None Include="src\common\cockpit.php">
      <Filter>Source Files\common</Filter>
    </None>
    <None Include="src\common\cockpit-2.php">
      <Filter>Source Files\common</Filter>
    </None>
    <None Include="src\common\common.php">
      <Filter>Source Files\common</Filter>
    </None>
    <None Include="src\common\common-2.php">
      <Filter>Source Files\common</Filter>
    </None>
    <None Include="src\common\connect.php">
      <Filter>Source Files\common</Filter>
    </None>
    <None Include="src\survey\php\01-register.php">
      <Filter>Source Files\survey</Filter>
    </None>
    <None Include="src\survey\php\02-b-lead_reg.php">
      <Filter>Source Files\survey</Filter>
    </None>
    <None Include="src\survey\php\02-lead_reg.php">
      <Filter>Source Files\survey</Filter>
    </None>
    <None Include="src\survey\php\03-intro.php">
      <Filter>Source Files\survey</Filter>
    </None>
    <None Include="src\survey\php\04-tratten.php">
      <Filter>Source Files\survey</Filter>
    </None>
    <None Include="src\survey\php\05-result.php">
      <Filter>Source Files\survey</Filter>
    </None>
    <None Include="src\survey\php\00-common.php">
      <Filter>Source Files\survey</Filter>
    </None>
    <None Include="src\survey\php\00-connect.php">
      <Filter>Source Files\survey</Filter>
    </None>
    <None Include="src\survey\php\01-b-register.php">
      <Filter>Source Files\survey</Filter>
    </None>
    <None Include="src\klarna\php\validation.php">
      <Filter>Source Files\klarna</Filter>
    </None>
    <None Include="src\klarna\php\db.php">
      <Filter>Source Files\klarna</Filter>
    </None>
    <None Include="src\klarna\php\terms.php">
      <Filter>Source Files\klarna</Filter>
    </None>
    <None Include="src\klarna\php\dologin.php">
      <Filter>Source Files\klarna</Filter>
    </None>
    <None Include="src\klarna\php\login.php">
      <Filter>Source Files\klarna</Filter>
    </None>
    <None Include="src\klarna\php\start.php">
      <Filter>Source Files\klarna</Filter>
    </None>
    <None Include="src\klarna\php\getparam.php">
      <Filter>Source Files\klarna</Filter>
    </None>
    <None Include="src\klarna\php\buy.php">
      <Filter>Source Files\klarna</Filter>
    </None>
    <None Include="src\klarna\php\checkout.php">
      <Filter>Source Files\klarna</Filter>
    </None>
    <None Include="src\klarna\php\confirmation.php">
      <Filter>Source Files\klarna</Filter>
    </None>
    <None Include="src\klarna\php\push.php">
      <Filter>Source Files\klarna</Filter>
    </None>
    <None Include="src\klarna\php\test.php">
      <Filter>Source Files\klarna</Filter>
    </None>
    <None Include="src\common\minsida.php">
      <Filter>Source Files\common</Filter>
    </None>
    <None Include="src\common\dump.php">
      <Filter>Source Files\common</Filter>
    </None>
    <None Include="src\common\justsurv.php">
      <Filter>Source Files\common</Filter>
    </None>
    <None Include="src\common\onesurv.php">
      <Filter>Source Files\common</Filter>
    </None>
    <None Include="src\common\allsurv.php">
      <Filter>Source Files\common</Filter>
    </None>
    <None Include="src\coach\buttons.php">
      <Filter>Source Files\coach</Filter>
    </None>
    <None Include="src\common\main-v03.css">
      <Filter>Source Files\common</Filter>
    </None>
    <None Include="src\common\worldclass.php">
      <Filter>Source Files\common</Filter>
    </None>
    <None Include="src\common\utveckling.php">
      <Filter>Source Files\common</Filter>
    </None>
    <None Include="src\common\per.php">
      <Filter>Source Files\common</Filter>
    </None>
    <None Include="src\common\at.php">
      <Filter>Source Files\common</Filter>
    </None>
    <None Include="src\common\util.php">
      <Filter>Source Files\common</Filter>
    </None>
    <None Include="src\common\utbildning.php">
      <Filter>Source Files\common</Filter>
    </None>
    <None Include="src\common\kurser.php">
      <Filter>Source Files\common</Filter>
    </None>
    <None Include="src\common\check_pnr.php">
      <Filter>Source Files\common</Filter>
    </None>
    <None Include="src\common\pnr.php">
      <Filter>Source Files\common</Filter>
    </None>
    <None Include="debug.php">
      <Filter>Source Files\coach</Filter>
    </None>
    <None Include="src\common\do_eula.php">
      <Filter>Source Files\common</Filter>
    </None>
    <None Include="src\common\eula_agree.php">
      <Filter>Source Files\common</Filter>
    </None>
    <None Include="src\common\common_php.php">
      <Filter>Source Files\common</Filter>
    </None>
    <None Include="src\common\minsida-2.php">
      <Filter>Source Files\common</Filter>
    </None>
    <None Include="src\common\debug.php">
      <Filter>Source Files\common</Filter>
    </None>
    <None Include="src\common\leader.php">
      <Filter>Source Files\common</Filter>
    </None>
    <None Include="src\common\styrkor.php">
      <Filter>Source Files\common</Filter>
    </None>
    <None Include="src\common\styrkor_skatta.php">
      <Filter>Source Files\common</Filter>
    </None>
    <None Include="src\coach\surv_a.php">
      <Filter>Source Files\coach</Filter>
    </None>
    <None Include="src\coach\surv_b.php">
      <Filter>Source Files\coach</Filter>
    </None>
    <None Include="src\common\grp-sk-2.php">
      <Filter>Source Files\common</Filter>
    </None>
    <None Include="src\common\mingrupp.php">
      <Filter>Source Files\common</Filter>
    </None>
    <None Include="src\coach\surv_c.php">
      <Filter>Source Files\coach</Filter>
    </None>
    <None Include="src\common\egenskaper.php">
      <Filter>Source Files\common</Filter>
    </None>
  </ItemGroup>
  <ItemGroup>
    <ClInclude Include="src\common\dologin.php">
      <Filter>Source Files\common</Filter>
    </ClInclude>
  </ItemGroup>
</Project>